
Microsoft Visual Studio Solution File, Format Version 12.00
# Visual Studio Version 16
VisualStudioVersion = 16.0.31624.102
MinimumVisualStudioVersion = 10.0.40219.1
Project("{2150E333-8FDC-42A3-9474-1A3956D46DE8}") = "src", "src", "{D3B1A37E-012D-47CB-994A-8F5708CE52D7}"
EndProject
Project("{2150E333-8FDC-42A3-9474-1A3956D46DE8}") = "tests", "tests", "{1757F063-AC3E-45AE-9C82-07EB6FB87FAF}"
EndProject
Project("{2150E333-8FDC-42A3-9474-1A3956D46DE8}") = "1-Presentation", "1-Presentation", "{E514AA6D-468B-49B6-9F3A-D9397C99858F}"
EndProject
Project("{2150E333-8FDC-42A3-9474-1A3956D46DE8}") = "2- Application", "2- Application", "{7F44C963-1DD3-4074-B5F5-E556BC1F7F35}"
EndProject
Project("{2150E333-8FDC-42A3-9474-1A3956D46DE8}") = "3- Domain", "3- Domain", "{2E607312-07DC-4CF2-9A96-A8ADFE944A17}"
EndProject
Project("{2150E333-8FDC-42A3-9474-1A3956D46DE8}") = "4- Infra", "4- Infra", "{EA78C3F4-44D9-40AA-8D29-7DBA9BD6990D}"
EndProject
Project("{2150E333-8FDC-42A3-9474-1A3956D46DE8}") = "Unitarios", "Unitarios", "{5CDC8B48-173A-48DF-9C2A-CCD961A72A72}"
EndProject
Project("{2150E333-8FDC-42A3-9474-1A3956D46DE8}") = "Integracao", "Integracao", "{65AA8954-6906-45DA-A496-CA47BFD99CEA}"
EndProject
Project("{FAE04EC0-301F-11D3-BF4B-00C04F79EFBC}") = "LAF.Cadastros.API", "src\LAF.Cadastros.API\LAF.Cadastros.API.csproj", "{051DBA4D-0327-49B6-AC4E-01221B6120A2}"
EndProject
Project("{FAE04EC0-301F-11D3-BF4B-00C04F79EFBC}") = "LAF.Cadastros.Domain", "src\LAF.Cadastros.Domain\LAF.Cadastros.Domain.csproj", "{CBF1DAF2-0452-4351-ADF7-ED6B8CF00295}"
EndProject
Project("{FAE04EC0-301F-11D3-BF4B-00C04F79EFBC}") = "LAF.Cadastros.IoC", "src\LAF.Cadastros.IoC\LAF.Cadastros.IoC.csproj", "{25B1398E-3D16-4889-B081-0C8E56C82BE3}"
EndProject
Project("{FAE04EC0-301F-11D3-BF4B-00C04F79EFBC}") = "LAF.Cadastros.Repository", "src\LAF.Cadastros.Repository\LAF.Cadastros.Repository.csproj", "{6B993E94-C33E-4382-814E-FBC285B8DA85}"
EndProject
Project("{FAE04EC0-301F-11D3-BF4B-00C04F79EFBC}") = "LAF.Cadastros.Tests.Unitarios", "tests\LAF.Cadastros.Tests.Unitarios\LAF.Cadastros.Tests.Unitarios.csproj", "{295C4E2E-C99C-4C10-BF91-367A1F3740D1}"
EndProject
Project("{FAE04EC0-301F-11D3-BF4B-00C04F79EFBC}") = "LAF.Cadastros.Tests.Integracao", "tests\LAF.Cadastros.Tests.Integracao\LAF.Cadastros.Tests.Integracao.csproj", "{42688CB1-C243-4E58-9A09-DA8F1F661B31}"
EndProject
Project("{FAE04EC0-301F-11D3-BF4B-00C04F79EFBC}") = "LAF.Cadastros.Application", "src\LAF.Cadastros.Application\LAF.Cadastros.Application.csproj", "{83FA7C66-9A59-487B-A76F-1A071F8F3329}"
EndProject
Global
	GlobalSection(SolutionConfigurationPlatforms) = preSolution
		Debug|Any CPU = Debug|Any CPU
		Release|Any CPU = Release|Any CPU
	EndGlobalSection
	GlobalSection(ProjectConfigurationPlatforms) = postSolution
		{051DBA4D-0327-49B6-AC4E-01221B6120A2}.Debug|Any CPU.ActiveCfg = Debug|Any CPU
		{051DBA4D-0327-49B6-AC4E-01221B6120A2}.Debug|Any CPU.Build.0 = Debug|Any CPU
		{051DBA4D-0327-49B6-AC4E-01221B6120A2}.Release|Any CPU.ActiveCfg = Release|Any CPU
		{051DBA4D-0327-49B6-AC4E-01221B6120A2}.Release|Any CPU.Build.0 = Release|Any CPU
		{CBF1DAF2-0452-4351-ADF7-ED6B8CF00295}.Debug|Any CPU.ActiveCfg = Debug|Any CPU
		{CBF1DAF2-0452-4351-ADF7-ED6B8CF00295}.Debug|Any CPU.Build.0 = Debug|Any CPU
		{CBF1DAF2-0452-4351-ADF7-ED6B8CF00295}.Release|Any CPU.ActiveCfg = Release|Any CPU
		{CBF1DAF2-0452-4351-ADF7-ED6B8CF00295}.Release|Any CPU.Build.0 = Release|Any CPU
		{25B1398E-3D16-4889-B081-0C8E56C82BE3}.Debug|Any CPU.ActiveCfg = Debug|Any CPU
		{25B1398E-3D16-4889-B081-0C8E56C82BE3}.Debug|Any CPU.Build.0 = Debug|Any CPU
		{25B1398E-3D16-4889-B081-0C8E56C82BE3}.Release|Any CPU.ActiveCfg = Release|Any CPU
		{25B1398E-3D16-4889-B081-0C8E56C82BE3}.Release|Any CPU.Build.0 = Release|Any CPU
		{6B993E94-C33E-4382-814E-FBC285B8DA85}.Debug|Any CPU.ActiveCfg = Debug|Any CPU
		{6B993E94-C33E-4382-814E-FBC285B8DA85}.Debug|Any CPU.Build.0 = Debug|Any CPU
		{6B993E94-C33E-4382-814E-FBC285B8DA85}.Release|Any CPU.ActiveCfg = Release|Any CPU
		{6B993E94-C33E-4382-814E-FBC285B8DA85}.Release|Any CPU.Build.0 = Release|Any CPU
		{295C4E2E-C99C-4C10-BF91-367A1F3740D1}.Debug|Any CPU.ActiveCfg = Debug|Any CPU
		{295C4E2E-C99C-4C10-BF91-367A1F3740D1}.Debug|Any CPU.Build.0 = Debug|Any CPU
		{295C4E2E-C99C-4C10-BF91-367A1F3740D1}.Release|Any CPU.ActiveCfg = Release|Any CPU
		{295C4E2E-C99C-4C10-BF91-367A1F3740D1}.Release|Any CPU.Build.0 = Release|Any CPU
		{42688CB1-C243-4E58-9A09-DA8F1F661B31}.Debug|Any CPU.ActiveCfg = Debug|Any CPU
		{42688CB1-C243-4E58-9A09-DA8F1F661B31}.Debug|Any CPU.Build.0 = Debug|Any CPU
		{42688CB1-C243-4E58-9A09-DA8F1F661B31}.Release|Any CPU.ActiveCfg = Release|Any CPU
		{42688CB1-C243-4E58-9A09-DA8F1F661B31}.Release|Any CPU.Build.0 = Release|Any CPU
		{83FA7C66-9A59-487B-A76F-1A071F8F3329}.Debug|Any CPU.ActiveCfg = Debug|Any CPU
		{83FA7C66-9A59-487B-A76F-1A071F8F3329}.Debug|Any CPU.Build.0 = Debug|Any CPU
		{83FA7C66-9A59-487B-A76F-1A071F8F3329}.Release|Any CPU.ActiveCfg = Release|Any CPU
		{83FA7C66-9A59-487B-A76F-1A071F8F3329}.Release|Any CPU.Build.0 = Release|Any CPU
	EndGlobalSection
	GlobalSection(SolutionProperties) = preSolution
		HideSolutionNode = FALSE
	EndGlobalSection
	GlobalSection(NestedProjects) = preSolution
		{E514AA6D-468B-49B6-9F3A-D9397C99858F} = {D3B1A37E-012D-47CB-994A-8F5708CE52D7}
		{7F44C963-1DD3-4074-B5F5-E556BC1F7F35} = {D3B1A37E-012D-47CB-994A-8F5708CE52D7}
		{2E607312-07DC-4CF2-9A96-A8ADFE944A17} = {D3B1A37E-012D-47CB-994A-8F5708CE52D7}
		{EA78C3F4-44D9-40AA-8D29-7DBA9BD6990D} = {D3B1A37E-012D-47CB-994A-8F5708CE52D7}
		{5CDC8B48-173A-48DF-9C2A-CCD961A72A72} = {1757F063-AC3E-45AE-9C82-07EB6FB87FAF}
		{65AA8954-6906-45DA-A496-CA47BFD99CEA} = {1757F063-AC3E-45AE-9C82-07EB6FB87FAF}
		{051DBA4D-0327-49B6-AC4E-01221B6120A2} = {E514AA6D-468B-49B6-9F3A-D9397C99858F}
		{CBF1DAF2-0452-4351-ADF7-ED6B8CF00295} = {2E607312-07DC-4CF2-9A96-A8ADFE944A17}
		{25B1398E-3D16-4889-B081-0C8E56C82BE3} = {EA78C3F4-44D9-40AA-8D29-7DBA9BD6990D}
		{6B993E94-C33E-4382-814E-FBC285B8DA85} = {EA78C3F4-44D9-40AA-8D29-7DBA9BD6990D}
		{295C4E2E-C99C-4C10-BF91-367A1F3740D1} = {5CDC8B48-173A-48DF-9C2A-CCD961A72A72}
		{42688CB1-C243-4E58-9A09-DA8F1F661B31} = {65AA8954-6906-45DA-A496-CA47BFD99CEA}
		{83FA7C66-9A59-487B-A76F-1A071F8F3329} = {7F44C963-1DD3-4074-B5F5-E556BC1F7F35}
	EndGlobalSection
	GlobalSection(ExtensibilityGlobals) = postSolution
		SolutionGuid = {7C462EEF-CCB4-49FE-8811-4A755846FEA0}
	EndGlobalSection
EndGlobal
